// !$*UTF8*$!
{
	archiveVersion = 1;
	classes = {
	};
	objectVersion = 56;
	objects = {

/* Begin PBXBuildFile section */
		794D72712A829CD90031F255 /* AppDelegate.swift in Sources */ = {isa = PBXBuildFile; fileRef = 794D72702A829CD90031F255 /* AppDelegate.swift */; };
		794D72732A829CD90031F255 /* SceneDelegate.swift in Sources */ = {isa = PBXBuildFile; fileRef = 794D72722A829CD90031F255 /* SceneDelegate.swift */; };
		794D72752A829CD90031F255 /* Anasayfa.swift in Sources */ = {isa = PBXBuildFile; fileRef = 794D72742A829CD90031F255 /* Anasayfa.swift */; };
		794D72782A829CD90031F255 /* Main.storyboard in Resources */ = {isa = PBXBuildFile; fileRef = 794D72762A829CD90031F255 /* Main.storyboard */; };
		794D727A2A829CDA0031F255 /* Assets.xcassets in Resources */ = {isa = PBXBuildFile; fileRef = 794D72792A829CDA0031F255 /* Assets.xcassets */; };
		794D727D2A829CDA0031F255 /* LaunchScreen.storyboard in Resources */ = {isa = PBXBuildFile; fileRef = 794D727B2A829CDA0031F255 /* LaunchScreen.storyboard */; };
		794D72892A829D950031F255 /* KisiKayit.swift in Sources */ = {isa = PBXBuildFile; fileRef = 794D72882A829D950031F255 /* KisiKayit.swift */; };
		794D728B2A829DA40031F255 /* KisiDetay.swift in Sources */ = {isa = PBXBuildFile; fileRef = 794D728A2A829DA40031F255 /* KisiDetay.swift */; };
		794D728D2A829E260031F255 /* Kisiler.swift in Sources */ = {isa = PBXBuildFile; fileRef = 794D728C2A829E260031F255 /* Kisiler.swift */; };
		794D72902A82A9790031F255 /* KisilerHucre.swift in Sources */ = {isa = PBXBuildFile; fileRef = 794D728F2A82A9790031F255 /* KisilerHucre.swift */; };
		799C7C682A839A950099098C /* RxSwift in Frameworks */ = {isa = PBXBuildFile; productRef = 799C7C672A839A950099098C /* RxSwift */; };
		799C7C6B2A839AD80099098C /* KisilerDaoRepository.swift in Sources */ = {isa = PBXBuildFile; fileRef = 799C7C6A2A839AD80099098C /* KisilerDaoRepository.swift */; };
		799C7C6E2A839B0C0099098C /* AnasayfaViewModel.swift in Sources */ = {isa = PBXBuildFile; fileRef = 799C7C6D2A839B0C0099098C /* AnasayfaViewModel.swift */; };
		799C7C702A839B2F0099098C /* KisiKayitViewModel.swift in Sources */ = {isa = PBXBuildFile; fileRef = 799C7C6F2A839B2F0099098C /* KisiKayitViewModel.swift */; };
		799C7C722A839B4C0099098C /* KisiDetayViewModel.swift in Sources */ = {isa = PBXBuildFile; fileRef = 799C7C712A839B4C0099098C /* KisiDetayViewModel.swift */; };
		9CE0BA1A2AD5721000E77442 /* GoogleService-Info.plist in Resources */ = {isa = PBXBuildFile; fileRef = 9CE0BA192AD5721000E77442 /* GoogleService-Info.plist */; };
		9CE0BA1D2AD5742000E77442 /* FirebaseAnalytics in Frameworks */ = {isa = PBXBuildFile; productRef = 9CE0BA1C2AD5742000E77442 /* FirebaseAnalytics */; };
		9CE0BA1F2AD5742000E77442 /* FirebaseAnalyticsOnDeviceConversion in Frameworks */ = {isa = PBXBuildFile; productRef = 9CE0BA1E2AD5742000E77442 /* FirebaseAnalyticsOnDeviceConversion */; };
		9CE0BA212AD5742000E77442 /* FirebaseAnalyticsSwift in Frameworks */ = {isa = PBXBuildFile; productRef = 9CE0BA202AD5742000E77442 /* FirebaseAnalyticsSwift */; };
		9CE0BA232AD5742000E77442 /* FirebaseAnalyticsWithoutAdIdSupport in Frameworks */ = {isa = PBXBuildFile; productRef = 9CE0BA222AD5742000E77442 /* FirebaseAnalyticsWithoutAdIdSupport */; };
		9CE0BA252AD5742000E77442 /* FirebaseAppCheck in Frameworks */ = {isa = PBXBuildFile; productRef = 9CE0BA242AD5742000E77442 /* FirebaseAppCheck */; };
		9CE0BA272AD580D600E77442 /* FirebaseAnalytics in Frameworks */ = {isa = PBXBuildFile; productRef = 9CE0BA262AD580D600E77442 /* FirebaseAnalytics */; };
		9CE0BA292AD580D600E77442 /* FirebaseAnalyticsOnDeviceConversion in Frameworks */ = {isa = PBXBuildFile; productRef = 9CE0BA282AD580D600E77442 /* FirebaseAnalyticsOnDeviceConversion */; };
		9CE0BA2B2AD580D600E77442 /* FirebaseAnalyticsSwift in Frameworks */ = {isa = PBXBuildFile; productRef = 9CE0BA2A2AD580D600E77442 /* FirebaseAnalyticsSwift */; };
		9CE0BA2D2AD580D600E77442 /* FirebaseAnalyticsWithoutAdIdSupport in Frameworks */ = {isa = PBXBuildFile; productRef = 9CE0BA2C2AD580D600E77442 /* FirebaseAnalyticsWithoutAdIdSupport */; };
		9CE0BA2F2AD580D600E77442 /* FirebaseAppCheck in Frameworks */ = {isa = PBXBuildFile; productRef = 9CE0BA2E2AD580D600E77442 /* FirebaseAppCheck */; };
		9CE0BA312AD580D600E77442 /* FirebaseAppDistribution-Beta in Frameworks */ = {isa = PBXBuildFile; productRef = 9CE0BA302AD580D600E77442 /* FirebaseAppDistribution-Beta */; };
		9CE0BA332AD580D600E77442 /* FirebaseAuth in Frameworks */ = {isa = PBXBuildFile; productRef = 9CE0BA322AD580D600E77442 /* FirebaseAuth */; };
		9CE0BA352AD580D600E77442 /* FirebaseAuthCombine-Community in Frameworks */ = {isa = PBXBuildFile; productRef = 9CE0BA342AD580D600E77442 /* FirebaseAuthCombine-Community */; };
		9CE0BA372AD580D600E77442 /* FirebaseCrashlytics in Frameworks */ = {isa = PBXBuildFile; productRef = 9CE0BA362AD580D600E77442 /* FirebaseCrashlytics */; };
		9CE0BA392AD580D600E77442 /* FirebaseDatabase in Frameworks */ = {isa = PBXBuildFile; productRef = 9CE0BA382AD580D600E77442 /* FirebaseDatabase */; };
		9CE0BA3B2AD580D600E77442 /* FirebaseDatabaseSwift in Frameworks */ = {isa = PBXBuildFile; productRef = 9CE0BA3A2AD580D600E77442 /* FirebaseDatabaseSwift */; };
		9CE0BA3D2AD580D600E77442 /* FirebaseDynamicLinks in Frameworks */ = {isa = PBXBuildFile; productRef = 9CE0BA3C2AD580D600E77442 /* FirebaseDynamicLinks */; };
		9CE0BA3F2AD580D600E77442 /* FirebaseFirestore in Frameworks */ = {isa = PBXBuildFile; productRef = 9CE0BA3E2AD580D600E77442 /* FirebaseFirestore */; };
		9CE0BA412AD580D600E77442 /* FirebaseFirestoreCombine-Community in Frameworks */ = {isa = PBXBuildFile; productRef = 9CE0BA402AD580D600E77442 /* FirebaseFirestoreCombine-Community */; };
		9CE0BA432AD580D600E77442 /* FirebaseFirestoreSwift in Frameworks */ = {isa = PBXBuildFile; productRef = 9CE0BA422AD580D600E77442 /* FirebaseFirestoreSwift */; };
		9CE0BA452AD580D600E77442 /* FirebaseFunctions in Frameworks */ = {isa = PBXBuildFile; productRef = 9CE0BA442AD580D600E77442 /* FirebaseFunctions */; };
		9CE0BA472AD580D600E77442 /* FirebaseFunctionsCombine-Community in Frameworks */ = {isa = PBXBuildFile; productRef = 9CE0BA462AD580D600E77442 /* FirebaseFunctionsCombine-Community */; };
		9CE0BA492AD580D600E77442 /* FirebaseInAppMessaging-Beta in Frameworks */ = {isa = PBXBuildFile; productRef = 9CE0BA482AD580D600E77442 /* FirebaseInAppMessaging-Beta */; };
		9CE0BA4B2AD580D600E77442 /* FirebaseInAppMessagingSwift-Beta in Frameworks */ = {isa = PBXBuildFile; productRef = 9CE0BA4A2AD580D600E77442 /* FirebaseInAppMessagingSwift-Beta */; };
		9CE0BA4D2AD580D600E77442 /* FirebaseInstallations in Frameworks */ = {isa = PBXBuildFile; productRef = 9CE0BA4C2AD580D600E77442 /* FirebaseInstallations */; };
		9CE0BA4F2AD580D600E77442 /* FirebaseMLModelDownloader in Frameworks */ = {isa = PBXBuildFile; productRef = 9CE0BA4E2AD580D600E77442 /* FirebaseMLModelDownloader */; };
		9CE0BA512AD580D600E77442 /* FirebaseMessaging in Frameworks */ = {isa = PBXBuildFile; productRef = 9CE0BA502AD580D600E77442 /* FirebaseMessaging */; };
		9CE0BA532AD580D600E77442 /* FirebasePerformance in Frameworks */ = {isa = PBXBuildFile; productRef = 9CE0BA522AD580D600E77442 /* FirebasePerformance */; };
		9CE0BA552AD580D600E77442 /* FirebaseRemoteConfig in Frameworks */ = {isa = PBXBuildFile; productRef = 9CE0BA542AD580D600E77442 /* FirebaseRemoteConfig */; };
		9CE0BA572AD580D600E77442 /* FirebaseRemoteConfigSwift in Frameworks */ = {isa = PBXBuildFile; productRef = 9CE0BA562AD580D600E77442 /* FirebaseRemoteConfigSwift */; };
		9CE0BA592AD580D600E77442 /* FirebaseStorage in Frameworks */ = {isa = PBXBuildFile; productRef = 9CE0BA582AD580D600E77442 /* FirebaseStorage */; };
		9CE0BA5B2AD580D600E77442 /* FirebaseStorageCombine-Community in Frameworks */ = {isa = PBXBuildFile; productRef = 9CE0BA5A2AD580D600E77442 /* FirebaseStorageCombine-Community */; };
/* End PBXBuildFile section */

/* Begin PBXFileReference section */
		794D726D2A829CD90031F255 /* KisilerUygulamasi.app */ = {isa = PBXFileReference; explicitFileType = wrapper.application; includeInIndex = 0; path = KisilerUygulamasi.app; sourceTree = BUILT_PRODUCTS_DIR; };
		794D72702A829CD90031F255 /* AppDelegate.swift */ = {isa = PBXFileReference; lastKnownFileType = sourcecode.swift; path = AppDelegate.swift; sourceTree = "<group>"; };
		794D72722A829CD90031F255 /* SceneDelegate.swift */ = {isa = PBXFileReference; lastKnownFileType = sourcecode.swift; path = SceneDelegate.swift; sourceTree = "<group>"; };
		794D72742A829CD90031F255 /* Anasayfa.swift */ = {isa = PBXFileReference; lastKnownFileType = sourcecode.swift; path = Anasayfa.swift; sourceTree = "<group>"; };
		794D72772A829CD90031F255 /* Base */ = {isa = PBXFileReference; lastKnownFileType = file.storyboard; name = Base; path = Base.lproj/Main.storyboard; sourceTree = "<group>"; };
		794D72792A829CDA0031F255 /* Assets.xcassets */ = {isa = PBXFileReference; lastKnownFileType = folder.assetcatalog; path = Assets.xcassets; sourceTree = "<group>"; };
		794D727C2A829CDA0031F255 /* Base */ = {isa = PBXFileReference; lastKnownFileType = file.storyboard; name = Base; path = Base.lproj/LaunchScreen.storyboard; sourceTree = "<group>"; };
		794D727E2A829CDA0031F255 /* Info.plist */ = {isa = PBXFileReference; lastKnownFileType = text.plist.xml; path = Info.plist; sourceTree = "<group>"; };
		794D72882A829D950031F255 /* KisiKayit.swift */ = {isa = PBXFileReference; lastKnownFileType = sourcecode.swift; path = KisiKayit.swift; sourceTree = "<group>"; };
		794D728A2A829DA40031F255 /* KisiDetay.swift */ = {isa = PBXFileReference; lastKnownFileType = sourcecode.swift; path = KisiDetay.swift; sourceTree = "<group>"; };
		794D728C2A829E260031F255 /* Kisiler.swift */ = {isa = PBXFileReference; lastKnownFileType = sourcecode.swift; path = Kisiler.swift; sourceTree = "<group>"; };
		794D728F2A82A9790031F255 /* KisilerHucre.swift */ = {isa = PBXFileReference; lastKnownFileType = sourcecode.swift; path = KisilerHucre.swift; sourceTree = "<group>"; };
		799C7C6A2A839AD80099098C /* KisilerDaoRepository.swift */ = {isa = PBXFileReference; lastKnownFileType = sourcecode.swift; path = KisilerDaoRepository.swift; sourceTree = "<group>"; };
		799C7C6D2A839B0C0099098C /* AnasayfaViewModel.swift */ = {isa = PBXFileReference; lastKnownFileType = sourcecode.swift; path = AnasayfaViewModel.swift; sourceTree = "<group>"; };
		799C7C6F2A839B2F0099098C /* KisiKayitViewModel.swift */ = {isa = PBXFileReference; lastKnownFileType = sourcecode.swift; path = KisiKayitViewModel.swift; sourceTree = "<group>"; };
		799C7C712A839B4C0099098C /* KisiDetayViewModel.swift */ = {isa = PBXFileReference; lastKnownFileType = sourcecode.swift; path = KisiDetayViewModel.swift; sourceTree = "<group>"; };
		9CE0BA192AD5721000E77442 /* GoogleService-Info.plist */ = {isa = PBXFileReference; fileEncoding = 4; lastKnownFileType = text.plist.xml; path = "GoogleService-Info.plist"; sourceTree = "<group>"; };
/* End PBXFileReference section */

/* Begin PBXFrameworksBuildPhase section */
		794D726A2A829CD90031F255 /* Frameworks */ = {
			isa = PBXFrameworksBuildPhase;
			buildActionMask = 2147483647;
			files = (
				9CE0BA2B2AD580D600E77442 /* FirebaseAnalyticsSwift in Frameworks */,
				9CE0BA2D2AD580D600E77442 /* FirebaseAnalyticsWithoutAdIdSupport in Frameworks */,
				9CE0BA272AD580D600E77442 /* FirebaseAnalytics in Frameworks */,
				9CE0BA212AD5742000E77442 /* FirebaseAnalyticsSwift in Frameworks */,
				9CE0BA532AD580D600E77442 /* FirebasePerformance in Frameworks */,
				9CE0BA592AD580D600E77442 /* FirebaseStorage in Frameworks */,
				9CE0BA3F2AD580D600E77442 /* FirebaseFirestore in Frameworks */,
				9CE0BA232AD5742000E77442 /* FirebaseAnalyticsWithoutAdIdSupport in Frameworks */,
				9CE0BA472AD580D600E77442 /* FirebaseFunctionsCombine-Community in Frameworks */,
				9CE0BA572AD580D600E77442 /* FirebaseRemoteConfigSwift in Frameworks */,
				9CE0BA3D2AD580D600E77442 /* FirebaseDynamicLinks in Frameworks */,
				9CE0BA552AD580D600E77442 /* FirebaseRemoteConfig in Frameworks */,
				9CE0BA352AD580D600E77442 /* FirebaseAuthCombine-Community in Frameworks */,
				9CE0BA392AD580D600E77442 /* FirebaseDatabase in Frameworks */,
				9CE0BA452AD580D600E77442 /* FirebaseFunctions in Frameworks */,
				9CE0BA492AD580D600E77442 /* FirebaseInAppMessaging-Beta in Frameworks */,
				9CE0BA1D2AD5742000E77442 /* FirebaseAnalytics in Frameworks */,
				9CE0BA1F2AD5742000E77442 /* FirebaseAnalyticsOnDeviceConversion in Frameworks */,
				9CE0BA252AD5742000E77442 /* FirebaseAppCheck in Frameworks */,
				9CE0BA4D2AD580D600E77442 /* FirebaseInstallations in Frameworks */,
				9CE0BA512AD580D600E77442 /* FirebaseMessaging in Frameworks */,
				799C7C682A839A950099098C /* RxSwift in Frameworks */,
				9CE0BA5B2AD580D600E77442 /* FirebaseStorageCombine-Community in Frameworks */,
				9CE0BA412AD580D600E77442 /* FirebaseFirestoreCombine-Community in Frameworks */,
				9CE0BA4B2AD580D600E77442 /* FirebaseInAppMessagingSwift-Beta in Frameworks */,
				9CE0BA292AD580D600E77442 /* FirebaseAnalyticsOnDeviceConversion in Frameworks */,
				9CE0BA332AD580D600E77442 /* FirebaseAuth in Frameworks */,
				9CE0BA372AD580D600E77442 /* FirebaseCrashlytics in Frameworks */,
				9CE0BA432AD580D600E77442 /* FirebaseFirestoreSwift in Frameworks */,
				9CE0BA3B2AD580D600E77442 /* FirebaseDatabaseSwift in Frameworks */,
				9CE0BA4F2AD580D600E77442 /* FirebaseMLModelDownloader in Frameworks */,
				9CE0BA2F2AD580D600E77442 /* FirebaseAppCheck in Frameworks */,
				9CE0BA312AD580D600E77442 /* FirebaseAppDistribution-Beta in Frameworks */,
			);
			runOnlyForDeploymentPostprocessing = 0;
		};
/* End PBXFrameworksBuildPhase section */

/* Begin PBXGroup section */
		794D72642A829CD90031F255 = {
			isa = PBXGroup;
			children = (
				794D726F2A829CD90031F255 /* KisilerUygulamasi */,
				794D726E2A829CD90031F255 /* Products */,
			);
			sourceTree = "<group>";
		};
		794D726E2A829CD90031F255 /* Products */ = {
			isa = PBXGroup;
			children = (
				794D726D2A829CD90031F255 /* KisilerUygulamasi.app */,
			);
			name = Products;
			sourceTree = "<group>";
		};
		794D726F2A829CD90031F255 /* KisilerUygulamasi */ = {
			isa = PBXGroup;
			children = (
				794D72702A829CD90031F255 /* AppDelegate.swift */,
				794D72722A829CD90031F255 /* SceneDelegate.swift */,
				794D72852A829D2C0031F255 /* ui */,
				794D72842A829D250031F255 /* data */,
				794D72762A829CD90031F255 /* Main.storyboard */,
				794D72792A829CDA0031F255 /* Assets.xcassets */,
				794D727B2A829CDA0031F255 /* LaunchScreen.storyboard */,
				794D727E2A829CDA0031F255 /* Info.plist */,
				9CE0BA192AD5721000E77442 /* GoogleService-Info.plist */,
			);
			path = KisilerUygulamasi;
			sourceTree = "<group>";
		};
		794D72842A829D250031F255 /* data */ = {
			isa = PBXGroup;
			children = (
				799C7C692A839AB90099098C /* repo */,
				794D72862A829D500031F255 /* entity */,
			);
			path = data;
			sourceTree = "<group>";
		};
		794D72852A829D2C0031F255 /* ui */ = {
			isa = PBXGroup;
			children = (
				799C7C6C2A839AF70099098C /* viewmodel */,
				794D728E2A82A9550031F255 /* tableview */,
				794D72872A829D5E0031F255 /* views */,
			);
			path = ui;
			sourceTree = "<group>";
		};
		794D72862A829D500031F255 /* entity */ = {
			isa = PBXGroup;
			children = (
				794D728C2A829E260031F255 /* Kisiler.swift */,
			);
			path = entity;
			sourceTree = "<group>";
		};
		794D72872A829D5E0031F255 /* views */ = {
			isa = PBXGroup;
			children = (
				794D72742A829CD90031F255 /* Anasayfa.swift */,
				794D72882A829D950031F255 /* KisiKayit.swift */,
				794D728A2A829DA40031F255 /* KisiDetay.swift */,
			);
			path = views;
			sourceTree = "<group>";
		};
		794D728E2A82A9550031F255 /* tableview */ = {
			isa = PBXGroup;
			children = (
				794D728F2A82A9790031F255 /* KisilerHucre.swift */,
			);
			path = tableview;
			sourceTree = "<group>";
		};
		799C7C692A839AB90099098C /* repo */ = {
			isa = PBXGroup;
			children = (
				799C7C6A2A839AD80099098C /* KisilerDaoRepository.swift */,
			);
			path = repo;
			sourceTree = "<group>";
		};
		799C7C6C2A839AF70099098C /* viewmodel */ = {
			isa = PBXGroup;
			children = (
				799C7C6D2A839B0C0099098C /* AnasayfaViewModel.swift */,
				799C7C6F2A839B2F0099098C /* KisiKayitViewModel.swift */,
				799C7C712A839B4C0099098C /* KisiDetayViewModel.swift */,
			);
			path = viewmodel;
			sourceTree = "<group>";
		};
/* End PBXGroup section */

/* Begin PBXNativeTarget section */
		794D726C2A829CD90031F255 /* KisilerUygulamasi */ = {
			isa = PBXNativeTarget;
			buildConfigurationList = 794D72812A829CDA0031F255 /* Build configuration list for PBXNativeTarget "KisilerUygulamasi" */;
			buildPhases = (
				794D72692A829CD90031F255 /* Sources */,
				794D726A2A829CD90031F255 /* Frameworks */,
				794D726B2A829CD90031F255 /* Resources */,
			);
			buildRules = (
			);
			dependencies = (
			);
			name = KisilerUygulamasi;
			packageProductDependencies = (
				799C7C672A839A950099098C /* RxSwift */,
				9CE0BA1C2AD5742000E77442 /* FirebaseAnalytics */,
				9CE0BA1E2AD5742000E77442 /* FirebaseAnalyticsOnDeviceConversion */,
				9CE0BA202AD5742000E77442 /* FirebaseAnalyticsSwift */,
				9CE0BA222AD5742000E77442 /* FirebaseAnalyticsWithoutAdIdSupport */,
				9CE0BA242AD5742000E77442 /* FirebaseAppCheck */,
				9CE0BA262AD580D600E77442 /* FirebaseAnalytics */,
				9CE0BA282AD580D600E77442 /* FirebaseAnalyticsOnDeviceConversion */,
				9CE0BA2A2AD580D600E77442 /* FirebaseAnalyticsSwift */,
				9CE0BA2C2AD580D600E77442 /* FirebaseAnalyticsWithoutAdIdSupport */,
				9CE0BA2E2AD580D600E77442 /* FirebaseAppCheck */,
				9CE0BA302AD580D600E77442 /* FirebaseAppDistribution-Beta */,
				9CE0BA322AD580D600E77442 /* FirebaseAuth */,
				9CE0BA342AD580D600E77442 /* FirebaseAuthCombine-Community */,
				9CE0BA362AD580D600E77442 /* FirebaseCrashlytics */,
				9CE0BA382AD580D600E77442 /* FirebaseDatabase */,
				9CE0BA3A2AD580D600E77442 /* FirebaseDatabaseSwift */,
				9CE0BA3C2AD580D600E77442 /* FirebaseDynamicLinks */,
				9CE0BA3E2AD580D600E77442 /* FirebaseFirestore */,
				9CE0BA402AD580D600E77442 /* FirebaseFirestoreCombine-Community */,
				9CE0BA422AD580D600E77442 /* FirebaseFirestoreSwift */,
				9CE0BA442AD580D600E77442 /* FirebaseFunctions */,
				9CE0BA462AD580D600E77442 /* FirebaseFunctionsCombine-Community */,
				9CE0BA482AD580D600E77442 /* FirebaseInAppMessaging-Beta */,
				9CE0BA4A2AD580D600E77442 /* FirebaseInAppMessagingSwift-Beta */,
				9CE0BA4C2AD580D600E77442 /* FirebaseInstallations */,
				9CE0BA4E2AD580D600E77442 /* FirebaseMLModelDownloader */,
				9CE0BA502AD580D600E77442 /* FirebaseMessaging */,
				9CE0BA522AD580D600E77442 /* FirebasePerformance */,
				9CE0BA542AD580D600E77442 /* FirebaseRemoteConfig */,
				9CE0BA562AD580D600E77442 /* FirebaseRemoteConfigSwift */,
				9CE0BA582AD580D600E77442 /* FirebaseStorage */,
				9CE0BA5A2AD580D600E77442 /* FirebaseStorageCombine-Community */,
			);
			productName = KisilerUygulamasi;
			productReference = 794D726D2A829CD90031F255 /* KisilerUygulamasi.app */;
			productType = "com.apple.product-type.application";
		};
/* End PBXNativeTarget section */

/* Begin PBXProject section */
		794D72652A829CD90031F255 /* Project object */ = {
			isa = PBXProject;
			attributes = {
				BuildIndependentTargetsInParallel = 1;
				LastSwiftUpdateCheck = 1420;
				LastUpgradeCheck = 1420;
				TargetAttributes = {
					794D726C2A829CD90031F255 = {
						CreatedOnToolsVersion = 14.2;
					};
				};
			};
			buildConfigurationList = 794D72682A829CD90031F255 /* Build configuration list for PBXProject "KisilerUygulamasi" */;
			compatibilityVersion = "Xcode 14.0";
			developmentRegion = en;
			hasScannedForEncodings = 0;
			knownRegions = (
				en,
				Base,
			);
			mainGroup = 794D72642A829CD90031F255;
			packageReferences = (
				799C7C662A839A950099098C /* XCRemoteSwiftPackageReference "RxSwift" */,
				9CE0BA1B2AD5742000E77442 /* XCRemoteSwiftPackageReference "firebase-ios-sdk" */,
			);
			productRefGroup = 794D726E2A829CD90031F255 /* Products */;
			projectDirPath = "";
			projectRoot = "";
			targets = (
				794D726C2A829CD90031F255 /* KisilerUygulamasi */,
			);
		};
/* End PBXProject section */

/* Begin PBXResourcesBuildPhase section */
		794D726B2A829CD90031F255 /* Resources */ = {
			isa = PBXResourcesBuildPhase;
			buildActionMask = 2147483647;
			files = (
				794D727D2A829CDA0031F255 /* LaunchScreen.storyboard in Resources */,
				9CE0BA1A2AD5721000E77442 /* GoogleService-Info.plist in Resources */,
				794D727A2A829CDA0031F255 /* Assets.xcassets in Resources */,
				794D72782A829CD90031F255 /* Main.storyboard in Resources */,
			);
			runOnlyForDeploymentPostprocessing = 0;
		};
/* End PBXResourcesBuildPhase section */

/* Begin PBXSourcesBuildPhase section */
		794D72692A829CD90031F255 /* Sources */ = {
			isa = PBXSourcesBuildPhase;
			buildActionMask = 2147483647;
			files = (
				794D72892A829D950031F255 /* KisiKayit.swift in Sources */,
				794D72902A82A9790031F255 /* KisilerHucre.swift in Sources */,
				794D728B2A829DA40031F255 /* KisiDetay.swift in Sources */,
				794D72752A829CD90031F255 /* Anasayfa.swift in Sources */,
				799C7C6B2A839AD80099098C /* KisilerDaoRepository.swift in Sources */,
				799C7C6E2A839B0C0099098C /* AnasayfaViewModel.swift in Sources */,
				799C7C722A839B4C0099098C /* KisiDetayViewModel.swift in Sources */,
				794D72712A829CD90031F255 /* AppDelegate.swift in Sources */,
				794D72732A829CD90031F255 /* SceneDelegate.swift in Sources */,
				794D728D2A829E260031F255 /* Kisiler.swift in Sources */,
				799C7C702A839B2F0099098C /* KisiKayitViewModel.swift in Sources */,
			);
			runOnlyForDeploymentPostprocessing = 0;
		};
/* End PBXSourcesBuildPhase section */

/* Begin PBXVariantGroup section */
		794D72762A829CD90031F255 /* Main.storyboard */ = {
			isa = PBXVariantGroup;
			children = (
				794D72772A829CD90031F255 /* Base */,
			);
			name = Main.storyboard;
			sourceTree = "<group>";
		};
		794D727B2A829CDA0031F255 /* LaunchScreen.storyboard */ = {
			isa = PBXVariantGroup;
			children = (
				794D727C2A829CDA0031F255 /* Base */,
			);
			name = LaunchScreen.storyboard;
			sourceTree = "<group>";
		};
/* End PBXVariantGroup section */

/* Begin XCBuildConfiguration section */
		794D727F2A829CDA0031F255 /* Debug */ = {
			isa = XCBuildConfiguration;
			buildSettings = {
				ALWAYS_SEARCH_USER_PATHS = NO;
				CLANG_ANALYZER_NONNULL = YES;
				CLANG_ANALYZER_NUMBER_OBJECT_CONVERSION = YES_AGGRESSIVE;
				CLANG_CXX_LANGUAGE_STANDARD = "gnu++20";
				CLANG_ENABLE_MODULES = YES;
				CLANG_ENABLE_OBJC_ARC = YES;
				CLANG_ENABLE_OBJC_WEAK = YES;
				CLANG_WARN_BLOCK_CAPTURE_AUTORELEASING = YES;
				CLANG_WARN_BOOL_CONVERSION = YES;
				CLANG_WARN_COMMA = YES;
				CLANG_WARN_CONSTANT_CONVERSION = YES;
				CLANG_WARN_DEPRECATED_OBJC_IMPLEMENTATIONS = YES;
				CLANG_WARN_DIRECT_OBJC_ISA_USAGE = YES_ERROR;
				CLANG_WARN_DOCUMENTATION_COMMENTS = YES;
				CLANG_WARN_EMPTY_BODY = YES;
				CLANG_WARN_ENUM_CONVERSION = YES;
				CLANG_WARN_INFINITE_RECURSION = YES;
				CLANG_WARN_INT_CONVERSION = YES;
				CLANG_WARN_NON_LITERAL_NULL_CONVERSION = YES;
				CLANG_WARN_OBJC_IMPLICIT_RETAIN_SELF = YES;
				CLANG_WARN_OBJC_LITERAL_CONVERSION = YES;
				CLANG_WARN_OBJC_ROOT_CLASS = YES_ERROR;
				CLANG_WARN_QUOTED_INCLUDE_IN_FRAMEWORK_HEADER = YES;
				CLANG_WARN_RANGE_LOOP_ANALYSIS = YES;
				CLANG_WARN_STRICT_PROTOTYPES = YES;
				CLANG_WARN_SUSPICIOUS_MOVE = YES;
				CLANG_WARN_UNGUARDED_AVAILABILITY = YES_AGGRESSIVE;
				CLANG_WARN_UNREACHABLE_CODE = YES;
				CLANG_WARN__DUPLICATE_METHOD_MATCH = YES;
				COPY_PHASE_STRIP = NO;
				DEBUG_INFORMATION_FORMAT = dwarf;
				ENABLE_STRICT_OBJC_MSGSEND = YES;
				ENABLE_TESTABILITY = YES;
				GCC_C_LANGUAGE_STANDARD = gnu11;
				GCC_DYNAMIC_NO_PIC = NO;
				GCC_NO_COMMON_BLOCKS = YES;
				GCC_OPTIMIZATION_LEVEL = 0;
				GCC_PREPROCESSOR_DEFINITIONS = (
					"DEBUG=1",
					"$(inherited)",
				);
				GCC_WARN_64_TO_32_BIT_CONVERSION = YES;
				GCC_WARN_ABOUT_RETURN_TYPE = YES_ERROR;
				GCC_WARN_UNDECLARED_SELECTOR = YES;
				GCC_WARN_UNINITIALIZED_AUTOS = YES_AGGRESSIVE;
				GCC_WARN_UNUSED_FUNCTION = YES;
				GCC_WARN_UNUSED_VARIABLE = YES;
				IPHONEOS_DEPLOYMENT_TARGET = 16.2;
				MTL_ENABLE_DEBUG_INFO = INCLUDE_SOURCE;
				MTL_FAST_MATH = YES;
				ONLY_ACTIVE_ARCH = YES;
				SDKROOT = iphoneos;
				SWIFT_ACTIVE_COMPILATION_CONDITIONS = DEBUG;
				SWIFT_OPTIMIZATION_LEVEL = "-Onone";
			};
			name = Debug;
		};
		794D72802A829CDA0031F255 /* Release */ = {
			isa = XCBuildConfiguration;
			buildSettings = {
				ALWAYS_SEARCH_USER_PATHS = NO;
				CLANG_ANALYZER_NONNULL = YES;
				CLANG_ANALYZER_NUMBER_OBJECT_CONVERSION = YES_AGGRESSIVE;
				CLANG_CXX_LANGUAGE_STANDARD = "gnu++20";
				CLANG_ENABLE_MODULES = YES;
				CLANG_ENABLE_OBJC_ARC = YES;
				CLANG_ENABLE_OBJC_WEAK = YES;
				CLANG_WARN_BLOCK_CAPTURE_AUTORELEASING = YES;
				CLANG_WARN_BOOL_CONVERSION = YES;
				CLANG_WARN_COMMA = YES;
				CLANG_WARN_CONSTANT_CONVERSION = YES;
				CLANG_WARN_DEPRECATED_OBJC_IMPLEMENTATIONS = YES;
				CLANG_WARN_DIRECT_OBJC_ISA_USAGE = YES_ERROR;
				CLANG_WARN_DOCUMENTATION_COMMENTS = YES;
				CLANG_WARN_EMPTY_BODY = YES;
				CLANG_WARN_ENUM_CONVERSION = YES;
				CLANG_WARN_INFINITE_RECURSION = YES;
				CLANG_WARN_INT_CONVERSION = YES;
				CLANG_WARN_NON_LITERAL_NULL_CONVERSION = YES;
				CLANG_WARN_OBJC_IMPLICIT_RETAIN_SELF = YES;
				CLANG_WARN_OBJC_LITERAL_CONVERSION = YES;
				CLANG_WARN_OBJC_ROOT_CLASS = YES_ERROR;
				CLANG_WARN_QUOTED_INCLUDE_IN_FRAMEWORK_HEADER = YES;
				CLANG_WARN_RANGE_LOOP_ANALYSIS = YES;
				CLANG_WARN_STRICT_PROTOTYPES = YES;
				CLANG_WARN_SUSPICIOUS_MOVE = YES;
				CLANG_WARN_UNGUARDED_AVAILABILITY = YES_AGGRESSIVE;
				CLANG_WARN_UNREACHABLE_CODE = YES;
				CLANG_WARN__DUPLICATE_METHOD_MATCH = YES;
				COPY_PHASE_STRIP = NO;
				DEBUG_INFORMATION_FORMAT = "dwarf-with-dsym";
				ENABLE_NS_ASSERTIONS = NO;
				ENABLE_STRICT_OBJC_MSGSEND = YES;
				GCC_C_LANGUAGE_STANDARD = gnu11;
				GCC_NO_COMMON_BLOCKS = YES;
				GCC_WARN_64_TO_32_BIT_CONVERSION = YES;
				GCC_WARN_ABOUT_RETURN_TYPE = YES_ERROR;
				GCC_WARN_UNDECLARED_SELECTOR = YES;
				GCC_WARN_UNINITIALIZED_AUTOS = YES_AGGRESSIVE;
				GCC_WARN_UNUSED_FUNCTION = YES;
				GCC_WARN_UNUSED_VARIABLE = YES;
				IPHONEOS_DEPLOYMENT_TARGET = 16.2;
				MTL_ENABLE_DEBUG_INFO = NO;
				MTL_FAST_MATH = YES;
				SDKROOT = iphoneos;
				SWIFT_COMPILATION_MODE = wholemodule;
				SWIFT_OPTIMIZATION_LEVEL = "-O";
				VALIDATE_PRODUCT = YES;
			};
			name = Release;
		};
		794D72822A829CDA0031F255 /* Debug */ = {
			isa = XCBuildConfiguration;
			buildSettings = {
				ASSETCATALOG_COMPILER_APPICON_NAME = AppIcon;
				ASSETCATALOG_COMPILER_GLOBAL_ACCENT_COLOR_NAME = AccentColor;
				CODE_SIGN_STYLE = Automatic;
				CURRENT_PROJECT_VERSION = 1;
				GENERATE_INFOPLIST_FILE = YES;
				INFOPLIST_FILE = KisilerUygulamasi/Info.plist;
				INFOPLIST_KEY_UIApplicationSupportsIndirectInputEvents = YES;
				INFOPLIST_KEY_UILaunchStoryboardName = LaunchScreen;
				INFOPLIST_KEY_UIMainStoryboardFile = Main;
				INFOPLIST_KEY_UISupportedInterfaceOrientations_iPad = "UIInterfaceOrientationPortrait UIInterfaceOrientationPortraitUpsideDown UIInterfaceOrientationLandscapeLeft UIInterfaceOrientationLandscapeRight";
				INFOPLIST_KEY_UISupportedInterfaceOrientations_iPhone = "UIInterfaceOrientationPortrait UIInterfaceOrientationLandscapeLeft UIInterfaceOrientationLandscapeRight";
				LD_RUNPATH_SEARCH_PATHS = (
					"$(inherited)",
					"@executable_path/Frameworks",
				);
				MARKETING_VERSION = 1.0;
				PRODUCT_BUNDLE_IDENTIFIER = "-";
				PRODUCT_NAME = "$(TARGET_NAME)";
				SWIFT_EMIT_LOC_STRINGS = YES;
				SWIFT_VERSION = 5.0;
				TARGETED_DEVICE_FAMILY = "1,2";
			};
			name = Debug;
		};
		794D72832A829CDA0031F255 /* Release */ = {
			isa = XCBuildConfiguration;
			buildSettings = {
				ASSETCATALOG_COMPILER_APPICON_NAME = AppIcon;
				ASSETCATALOG_COMPILER_GLOBAL_ACCENT_COLOR_NAME = AccentColor;
				CODE_SIGN_STYLE = Automatic;
				CURRENT_PROJECT_VERSION = 1;
				GENERATE_INFOPLIST_FILE = YES;
				INFOPLIST_FILE = KisilerUygulamasi/Info.plist;
				INFOPLIST_KEY_UIApplicationSupportsIndirectInputEvents = YES;
				INFOPLIST_KEY_UILaunchStoryboardName = LaunchScreen;
				INFOPLIST_KEY_UIMainStoryboardFile = Main;
				INFOPLIST_KEY_UISupportedInterfaceOrientations_iPad = "UIInterfaceOrientationPortrait UIInterfaceOrientationPortraitUpsideDown UIInterfaceOrientationLandscapeLeft UIInterfaceOrientationLandscapeRight";
				INFOPLIST_KEY_UISupportedInterfaceOrientations_iPhone = "UIInterfaceOrientationPortrait UIInterfaceOrientationLandscapeLeft UIInterfaceOrientationLandscapeRight";
				LD_RUNPATH_SEARCH_PATHS = (
					"$(inherited)",
					"@executable_path/Frameworks",
				);
				MARKETING_VERSION = 1.0;
				PRODUCT_BUNDLE_IDENTIFIER = "-";
				PRODUCT_NAME = "$(TARGET_NAME)";
				SWIFT_EMIT_LOC_STRINGS = YES;
				SWIFT_VERSION = 5.0;
				TARGETED_DEVICE_FAMILY = "1,2";
			};
			name = Release;
		};
/* End XCBuildConfiguration section */

/* Begin XCConfigurationList section */
		794D72682A829CD90031F255 /* Build configuration list for PBXProject "KisilerUygulamasi" */ = {
			isa = XCConfigurationList;
			buildConfigurations = (
				794D727F2A829CDA0031F255 /* Debug */,
				794D72802A829CDA0031F255 /* Release */,
			);
			defaultConfigurationIsVisible = 0;
			defaultConfigurationName = Release;
		};
		794D72812A829CDA0031F255 /* Build configuration list for PBXNativeTarget "KisilerUygulamasi" */ = {
			isa = XCConfigurationList;
			buildConfigurations = (
				794D72822A829CDA0031F255 /* Debug */,
				794D72832A829CDA0031F255 /* Release */,
			);
			defaultConfigurationIsVisible = 0;
			defaultConfigurationName = Release;
		};
/* End XCConfigurationList section */

/* Begin XCRemoteSwiftPackageReference section */
		799C7C662A839A950099098C /* XCRemoteSwiftPackageReference "RxSwift" */ = {
			isa = XCRemoteSwiftPackageReference;
			repositoryURL = "https://github.com/ReactiveX/RxSwift.git";
			requirement = {
				branch = main;
				kind = branch;
			};
		};
		9CE0BA1B2AD5742000E77442 /* XCRemoteSwiftPackageReference "firebase-ios-sdk" */ = {
			isa = XCRemoteSwiftPackageReference;
			repositoryURL = "https://github.com/firebase/firebase-ios-sdk";
			requirement = {
				kind = upToNextMajorVersion;
				minimumVersion = 10.16.0;
			};
		};
/* End XCRemoteSwiftPackageReference section */

/* Begin XCSwiftPackageProductDependency section */
		799C7C672A839A950099098C /* RxSwift */ = {
			isa = XCSwiftPackageProductDependency;
			package = 799C7C662A839A950099098C /* XCRemoteSwiftPackageReference "RxSwift" */;
			productName = RxSwift;
		};
		9CE0BA1C2AD5742000E77442 /* FirebaseAnalytics */ = {
			isa = XCSwiftPackageProductDependency;
			package = 9CE0BA1B2AD5742000E77442 /* XCRemoteSwiftPackageReference "firebase-ios-sdk" */;
			productName = FirebaseAnalytics;
		};
		9CE0BA1E2AD5742000E77442 /* FirebaseAnalyticsOnDeviceConversion */ = {
			isa = XCSwiftPackageProductDependency;
			package = 9CE0BA1B2AD5742000E77442 /* XCRemoteSwiftPackageReference "firebase-ios-sdk" */;
			productName = FirebaseAnalyticsOnDeviceConversion;
		};
		9CE0BA202AD5742000E77442 /* FirebaseAnalyticsSwift */ = {
			isa = XCSwiftPackageProductDependency;
			package = 9CE0BA1B2AD5742000E77442 /* XCRemoteSwiftPackageReference "firebase-ios-sdk" */;
			productName = FirebaseAnalyticsSwift;
		};
		9CE0BA222AD5742000E77442 /* FirebaseAnalyticsWithoutAdIdSupport */ = {
			isa = XCSwiftPackageProductDependency;
			package = 9CE0BA1B2AD5742000E77442 /* XCRemoteSwiftPackageReference "firebase-ios-sdk" */;
			productName = FirebaseAnalyticsWithoutAdIdSupport;
		};
		9CE0BA242AD5742000E77442 /* FirebaseAppCheck */ = {
			isa = XCSwiftPackageProductDependency;
			package = 9CE0BA1B2AD5742000E77442 /* XCRemoteSwiftPackageReference "firebase-ios-sdk" */;
			productName = FirebaseAppCheck;
		};
		9CE0BA262AD580D600E77442 /* FirebaseAnalytics */ = {
			isa = XCSwiftPackageProductDependency;
			productName = FirebaseAnalytics;
		};
		9CE0BA282AD580D600E77442 /* FirebaseAnalyticsOnDeviceConversion */ = {
			isa = XCSwiftPackageProductDependency;
			productName = FirebaseAnalyticsOnDeviceConversion;
		};
		9CE0BA2A2AD580D600E77442 /* FirebaseAnalyticsSwift */ = {
			isa = XCSwiftPackageProductDependency;
			productName = FirebaseAnalyticsSwift;
		};
		9CE0BA2C2AD580D600E77442 /* FirebaseAnalyticsWithoutAdIdSupport */ = {
			isa = XCSwiftPackageProductDependency;
			productName = FirebaseAnalyticsWithoutAdIdSupport;
		};
		9CE0BA2E2AD580D600E77442 /* FirebaseAppCheck */ = {
			isa = XCSwiftPackageProductDependency;
			productName = FirebaseAppCheck;
		};
		9CE0BA302AD580D600E77442 /* FirebaseAppDistribution-Beta */ = {
			isa = XCSwiftPackageProductDependency;
			productName = "FirebaseAppDistribution-Beta";
		};
		9CE0BA322AD580D600E77442 /* FirebaseAuth */ = {
			isa = XCSwiftPackageProductDependency;
			productName = FirebaseAuth;
		};
		9CE0BA342AD580D600E77442 /* FirebaseAuthCombine-Community */ = {
			isa = XCSwiftPackageProductDependency;
			productName = "FirebaseAuthCombine-Community";
		};
		9CE0BA362AD580D600E77442 /* FirebaseCrashlytics */ = {
			isa = XCSwiftPackageProductDependency;
			productName = FirebaseCrashlytics;
		};
		9CE0BA382AD580D600E77442 /* FirebaseDatabase */ = {
			isa = XCSwiftPackageProductDependency;
			productName = FirebaseDatabase;
		};
		9CE0BA3A2AD580D600E77442 /* FirebaseDatabaseSwift */ = {
			isa = XCSwiftPackageProductDependency;
			productName = FirebaseDatabaseSwift;
		};
		9CE0BA3C2AD580D600E77442 /* FirebaseDynamicLinks */ = {
			isa = XCSwiftPackageProductDependency;
			productName = FirebaseDynamicLinks;
		};
		9CE0BA3E2AD580D600E77442 /* FirebaseFirestore */ = {
			isa = XCSwiftPackageProductDependency;
			productName = FirebaseFirestore;
		};
		9CE0BA402AD580D600E77442 /* FirebaseFirestoreCombine-Community */ = {
			isa = XCSwiftPackageProductDependency;
			productName = "FirebaseFirestoreCombine-Community";
		};
		9CE0BA422AD580D600E77442 /* FirebaseFirestoreSwift */ = {
			isa = XCSwiftPackageProductDependency;
			productName = FirebaseFirestoreSwift;
		};
		9CE0BA442AD580D600E77442 /* FirebaseFunctions */ = {
			isa = XCSwiftPackageProductDependency;
			productName = FirebaseFunctions;
		};
		9CE0BA462AD580D600E77442 /* FirebaseFunctionsCombine-Community */ = {
			isa = XCSwiftPackageProductDependency;
			productName = "FirebaseFunctionsCombine-Community";
		};
		9CE0BA482AD580D600E77442 /* FirebaseInAppMessaging-Beta */ = {
			isa = XCSwiftPackageProductDependency;
			productName = "FirebaseInAppMessaging-Beta";
		};
		9CE0BA4A2AD580D600E77442 /* FirebaseInAppMessagingSwift-Beta */ = {
			isa = XCSwiftPackageProductDependency;
			productName = "FirebaseInAppMessagingSwift-Beta";
		};
		9CE0BA4C2AD580D600E77442 /* FirebaseInstallations */ = {
			isa = XCSwiftPackageProductDependency;
			productName = FirebaseInstallations;
		};
		9CE0BA4E2AD580D600E77442 /* FirebaseMLModelDownloader */ = {
			isa = XCSwiftPackageProductDependency;
			productName = FirebaseMLModelDownloader;
		};
		9CE0BA502AD580D600E77442 /* FirebaseMessaging */ = {
			isa = XCSwiftPackageProductDependency;
			productName = FirebaseMessaging;
		};
		9CE0BA522AD580D600E77442 /* FirebasePerformance */ = {
			isa = XCSwiftPackageProductDependency;
			productName = FirebasePerformance;
		};
		9CE0BA542AD580D600E77442 /* FirebaseRemoteConfig */ = {
			isa = XCSwiftPackageProductDependency;
			productName = FirebaseRemoteConfig;
		};
		9CE0BA562AD580D600E77442 /* FirebaseRemoteConfigSwift */ = {
			isa = XCSwiftPackageProductDependency;
			productName = FirebaseRemoteConfigSwift;
		};
		9CE0BA582AD580D600E77442 /* FirebaseStorage */ = {
			isa = XCSwiftPackageProductDependency;
			productName = FirebaseStorage;
		};
		9CE0BA5A2AD580D600E77442 /* FirebaseStorageCombine-Community */ = {
			isa = XCSwiftPackageProductDependency;
			productName = "FirebaseStorageCombine-Community";
		};
/* End XCSwiftPackageProductDependency section */
	};
	rootObject = 794D72652A829CD90031F255 /* Project object */;
}
