// !$*UTF8*$!
{
	archiveVersion = 1;
	classes = {
	};
	objectVersion = 56;
	objects = {

/* Begin PBXBuildFile section */
		9CD8E8F52A9A859600FCA1E5 /* AppDelegate.swift in Sources */ = {isa = PBXBuildFile; fileRef = 9CD8E8F42A9A859600FCA1E5 /* AppDelegate.swift */; };
		9CD8E8F72A9A859600FCA1E5 /* GameScene.sks in Resources */ = {isa = PBXBuildFile; fileRef = 9CD8E8F62A9A859600FCA1E5 /* GameScene.sks */; };
		9CD8E8F92A9A859600FCA1E5 /* Actions.sks in Resources */ = {isa = PBXBuildFile; fileRef = 9CD8E8F82A9A859600FCA1E5 /* Actions.sks */; };
		9CD8E8FB2A9A859600FCA1E5 /* GameScene.swift in Sources */ = {isa = PBXBuildFile; fileRef = 9CD8E8FA2A9A859600FCA1E5 /* GameScene.swift */; };
		9CD8E8FD2A9A859600FCA1E5 /* GameViewController.swift in Sources */ = {isa = PBXBuildFile; fileRef = 9CD8E8FC2A9A859600FCA1E5 /* GameViewController.swift */; };
		9CD8E9002A9A859600FCA1E5 /* Main.storyboard in Resources */ = {isa = PBXBuildFile; fileRef = 9CD8E8FE2A9A859600FCA1E5 /* Main.storyboard */; };
		9CD8E9022A9A859700FCA1E5 /* Assets.xcassets in Resources */ = {isa = PBXBuildFile; fileRef = 9CD8E9012A9A859700FCA1E5 /* Assets.xcassets */; };
		9CD8E9052A9A859700FCA1E5 /* LaunchScreen.storyboard in Resources */ = {isa = PBXBuildFile; fileRef = 9CD8E9032A9A859700FCA1E5 /* LaunchScreen.storyboard */; };
/* End PBXBuildFile section */

/* Begin PBXFileReference section */
		9CD8E8F12A9A859600FCA1E5 /* AngryBirdClone.app */ = {isa = PBXFileReference; explicitFileType = wrapper.application; includeInIndex = 0; path = AngryBirdClone.app; sourceTree = BUILT_PRODUCTS_DIR; };
		9CD8E8F42A9A859600FCA1E5 /* AppDelegate.swift */ = {isa = PBXFileReference; lastKnownFileType = sourcecode.swift; path = AppDelegate.swift; sourceTree = "<group>"; };
		9CD8E8F62A9A859600FCA1E5 /* GameScene.sks */ = {isa = PBXFileReference; lastKnownFileType = file.sks; path = GameScene.sks; sourceTree = "<group>"; };
		9CD8E8F82A9A859600FCA1E5 /* Actions.sks */ = {isa = PBXFileReference; lastKnownFileType = file.sks; path = Actions.sks; sourceTree = "<group>"; };
		9CD8E8FA2A9A859600FCA1E5 /* GameScene.swift */ = {isa = PBXFileReference; lastKnownFileType = sourcecode.swift; path = GameScene.swift; sourceTree = "<group>"; };
		9CD8E8FC2A9A859600FCA1E5 /* GameViewController.swift */ = {isa = PBXFileReference; lastKnownFileType = sourcecode.swift; path = GameViewController.swift; sourceTree = "<group>"; };
		9CD8E8FF2A9A859600FCA1E5 /* Base */ = {isa = PBXFileReference; lastKnownFileType = file.storyboard; name = Base; path = Base.lproj/Main.storyboard; sourceTree = "<group>"; };
		9CD8E9012A9A859700FCA1E5 /* Assets.xcassets */ = {isa = PBXFileReference; lastKnownFileType = folder.assetcatalog; path = Assets.xcassets; sourceTree = "<group>"; };
		9CD8E9042A9A859700FCA1E5 /* Base */ = {isa = PBXFileReference; lastKnownFileType = file.storyboard; name = Base; path = Base.lproj/LaunchScreen.storyboard; sourceTree = "<group>"; };
/* End PBXFileReference section */

/* Begin PBXFrameworksBuildPhase section */
		9CD8E8EE2A9A859600FCA1E5 /* Frameworks */ = {
			isa = PBXFrameworksBuildPhase;
			buildActionMask = 2147483647;
			files = (
			);
			runOnlyForDeploymentPostprocessing = 0;
		};
/* End PBXFrameworksBuildPhase section */

/* Begin PBXGroup section */
		9CD8E8E82A9A859600FCA1E5 = {
			isa = PBXGroup;
			children = (
				9CD8E8F32A9A859600FCA1E5 /* AngryBirdClone */,
				9CD8E8F22A9A859600FCA1E5 /* Products */,
			);
			sourceTree = "<group>";
		};
		9CD8E8F22A9A859600FCA1E5 /* Products */ = {
			isa = PBXGroup;
			children = (
				9CD8E8F12A9A859600FCA1E5 /* AngryBirdClone.app */,
			);
			name = Products;
			sourceTree = "<group>";
		};
		9CD8E8F32A9A859600FCA1E5 /* AngryBirdClone */ = {
			isa = PBXGroup;
			children = (
				9CD8E8F42A9A859600FCA1E5 /* AppDelegate.swift */,
				9CD8E8F62A9A859600FCA1E5 /* GameScene.sks */,
				9CD8E8F82A9A859600FCA1E5 /* Actions.sks */,
				9CD8E8FA2A9A859600FCA1E5 /* GameScene.swift */,
				9CD8E8FC2A9A859600FCA1E5 /* GameViewController.swift */,
				9CD8E8FE2A9A859600FCA1E5 /* Main.storyboard */,
				9CD8E9012A9A859700FCA1E5 /* Assets.xcassets */,
				9CD8E9032A9A859700FCA1E5 /* LaunchScreen.storyboard */,
			);
			path = AngryBirdClone;
			sourceTree = "<group>";
		};
/* End PBXGroup section */

/* Begin PBXNativeTarget section */
		9CD8E8F02A9A859600FCA1E5 /* AngryBirdClone */ = {
			isa = PBXNativeTarget;
			buildConfigurationList = 9CD8E9082A9A859700FCA1E5 /* Build configuration list for PBXNativeTarget "AngryBirdClone" */;
			buildPhases = (
				9CD8E8ED2A9A859600FCA1E5 /* Sources */,
				9CD8E8EE2A9A859600FCA1E5 /* Frameworks */,
				9CD8E8EF2A9A859600FCA1E5 /* Resources */,
			);
			buildRules = (
			);
			dependencies = (
			);
			name = AngryBirdClone;
			productName = AngryBirdClone;
			productReference = 9CD8E8F12A9A859600FCA1E5 /* AngryBirdClone.app */;
			productType = "com.apple.product-type.application";
		};
/* End PBXNativeTarget section */

/* Begin PBXProject section */
		9CD8E8E92A9A859600FCA1E5 /* Project object */ = {
			isa = PBXProject;
			attributes = {
				BuildIndependentTargetsInParallel = 1;
				LastSwiftUpdateCheck = 1430;
				LastUpgradeCheck = 1430;
				TargetAttributes = {
					9CD8E8F02A9A859600FCA1E5 = {
						CreatedOnToolsVersion = 14.3.1;
					};
				};
			};
			buildConfigurationList = 9CD8E8EC2A9A859600FCA1E5 /* Build configuration list for PBXProject "AngryBirdClone" */;
			compatibilityVersion = "Xcode 14.0";
			developmentRegion = en;
			hasScannedForEncodings = 0;
			knownRegions = (
				en,
				Base,
			);
			mainGroup = 9CD8E8E82A9A859600FCA1E5;
			productRefGroup = 9CD8E8F22A9A859600FCA1E5 /* Products */;
			projectDirPath = "";
			projectRoot = "";
			targets = (
				9CD8E8F02A9A859600FCA1E5 /* AngryBirdClone */,
			);
		};
/* End PBXProject section */

/* Begin PBXResourcesBuildPhase section */
		9CD8E8EF2A9A859600FCA1E5 /* Resources */ = {
			isa = PBXResourcesBuildPhase;
			buildActionMask = 2147483647;
			files = (
				9CD8E9002A9A859600FCA1E5 /* Main.storyboard in Resources */,
				9CD8E8F72A9A859600FCA1E5 /* GameScene.sks in Resources */,
				9CD8E9022A9A859700FCA1E5 /* Assets.xcassets in Resources */,
				9CD8E9052A9A859700FCA1E5 /* LaunchScreen.storyboard in Resources */,
				9CD8E8F92A9A859600FCA1E5 /* Actions.sks in Resources */,
			);
			runOnlyForDeploymentPostprocessing = 0;
		};
/* End PBXResourcesBuildPhase section */

/* Begin PBXSourcesBuildPhase section */
		9CD8E8ED2A9A859600FCA1E5 /* Sources */ = {
			isa = PBXSourcesBuildPhase;
			buildActionMask = 2147483647;
			files = (
				9CD8E8FB2A9A859600FCA1E5 /* GameScene.swift in Sources */,
				9CD8E8FD2A9A859600FCA1E5 /* GameViewController.swift in Sources */,
				9CD8E8F52A9A859600FCA1E5 /* AppDelegate.swift in Sources */,
			);
			runOnlyForDeploymentPostprocessing = 0;
		};
/* End PBXSourcesBuildPhase section */

/* Begin PBXVariantGroup section */
		9CD8E8FE2A9A859600FCA1E5 /* Main.storyboard */ = {
			isa = PBXVariantGroup;
			children = (
				9CD8E8FF2A9A859600FCA1E5 /* Base */,
			);
			name = Main.storyboard;
			sourceTree = "<group>";
		};
		9CD8E9032A9A859700FCA1E5 /* LaunchScreen.storyboard */ = {
			isa = PBXVariantGroup;
			children = (
				9CD8E9042A9A859700FCA1E5 /* Base */,
			);
			name = LaunchScreen.storyboard;
			sourceTree = "<group>";
		};
/* End PBXVariantGroup section */

/* Begin XCBuildConfiguration section */
		9CD8E9062A9A859700FCA1E5 /* Debug */ = {
			isa = XCBuildConfiguration;
			buildSettings = {
				ALWAYS_SEARCH_USER_PATHS = NO;
				CLANG_ANALYZER_NONNULL = YES;
				CLANG_ANALYZER_NUMBER_OBJECT_CONVERSION = YES_AGGRESSIVE;
				CLANG_CXX_LANGUAGE_STANDARD = "gnu++20";
				CLANG_ENABLE_MODULES = YES;
				CLANG_ENABLE_OBJC_ARC = YES;
				CLANG_ENABLE_OBJC_WEAK = YES;
				CLANG_WARN_BLOCK_CAPTURE_AUTORELEASING = YES;
				CLANG_WARN_BOOL_CONVERSION = YES;
				CLANG_WARN_COMMA = YES;
				CLANG_WARN_CONSTANT_CONVERSION = YES;
				CLANG_WARN_DEPRECATED_OBJC_IMPLEMENTATIONS = YES;
				CLANG_WARN_DIRECT_OBJC_ISA_USAGE = YES_ERROR;
				CLANG_WARN_DOCUMENTATION_COMMENTS = YES;
				CLANG_WARN_EMPTY_BODY = YES;
				CLANG_WARN_ENUM_CONVERSION = YES;
				CLANG_WARN_INFINITE_RECURSION = YES;
				CLANG_WARN_INT_CONVERSION = YES;
				CLANG_WARN_NON_LITERAL_NULL_CONVERSION = YES;
				CLANG_WARN_OBJC_IMPLICIT_RETAIN_SELF = YES;
				CLANG_WARN_OBJC_LITERAL_CONVERSION = YES;
				CLANG_WARN_OBJC_ROOT_CLASS = YES_ERROR;
				CLANG_WARN_QUOTED_INCLUDE_IN_FRAMEWORK_HEADER = YES;
				CLANG_WARN_RANGE_LOOP_ANALYSIS = YES;
				CLANG_WARN_STRICT_PROTOTYPES = YES;
				CLANG_WARN_SUSPICIOUS_MOVE = YES;
				CLANG_WARN_UNGUARDED_AVAILABILITY = YES_AGGRESSIVE;
				CLANG_WARN_UNREACHABLE_CODE = YES;
				CLANG_WARN__DUPLICATE_METHOD_MATCH = YES;
				COPY_PHASE_STRIP = NO;
				DEBUG_INFORMATION_FORMAT = dwarf;
				ENABLE_STRICT_OBJC_MSGSEND = YES;
				ENABLE_TESTABILITY = YES;
				GCC_C_LANGUAGE_STANDARD = gnu11;
				GCC_DYNAMIC_NO_PIC = NO;
				GCC_NO_COMMON_BLOCKS = YES;
				GCC_OPTIMIZATION_LEVEL = 0;
				GCC_PREPROCESSOR_DEFINITIONS = (
					"DEBUG=1",
					"$(inherited)",
				);
				GCC_WARN_64_TO_32_BIT_CONVERSION = YES;
				GCC_WARN_ABOUT_RETURN_TYPE = YES_ERROR;
				GCC_WARN_UNDECLARED_SELECTOR = YES;
				GCC_WARN_UNINITIALIZED_AUTOS = YES_AGGRESSIVE;
				GCC_WARN_UNUSED_FUNCTION = YES;
				GCC_WARN_UNUSED_VARIABLE = YES;
				IPHONEOS_DEPLOYMENT_TARGET = 16.4;
				MTL_ENABLE_DEBUG_INFO = INCLUDE_SOURCE;
				MTL_FAST_MATH = YES;
				ONLY_ACTIVE_ARCH = YES;
				SDKROOT = iphoneos;
				SWIFT_ACTIVE_COMPILATION_CONDITIONS = DEBUG;
				SWIFT_OPTIMIZATION_LEVEL = "-Onone";
			};
			name = Debug;
		};
		9CD8E9072A9A859700FCA1E5 /* Release */ = {
			isa = XCBuildConfiguration;
			buildSettings = {
				ALWAYS_SEARCH_USER_PATHS = NO;
				CLANG_ANALYZER_NONNULL = YES;
				CLANG_ANALYZER_NUMBER_OBJECT_CONVERSION = YES_AGGRESSIVE;
				CLANG_CXX_LANGUAGE_STANDARD = "gnu++20";
				CLANG_ENABLE_MODULES = YES;
				CLANG_ENABLE_OBJC_ARC = YES;
				CLANG_ENABLE_OBJC_WEAK = YES;
				CLANG_WARN_BLOCK_CAPTURE_AUTORELEASING = YES;
				CLANG_WARN_BOOL_CONVERSION = YES;
				CLANG_WARN_COMMA = YES;
				CLANG_WARN_CONSTANT_CONVERSION = YES;
				CLANG_WARN_DEPRECATED_OBJC_IMPLEMENTATIONS = YES;
				CLANG_WARN_DIRECT_OBJC_ISA_USAGE = YES_ERROR;
				CLANG_WARN_DOCUMENTATION_COMMENTS = YES;
				CLANG_WARN_EMPTY_BODY = YES;
				CLANG_WARN_ENUM_CONVERSION = YES;
				CLANG_WARN_INFINITE_RECURSION = YES;
				CLANG_WARN_INT_CONVERSION = YES;
				CLANG_WARN_NON_LITERAL_NULL_CONVERSION = YES;
				CLANG_WARN_OBJC_IMPLICIT_RETAIN_SELF = YES;
				CLANG_WARN_OBJC_LITERAL_CONVERSION = YES;
				CLANG_WARN_OBJC_ROOT_CLASS = YES_ERROR;
				CLANG_WARN_QUOTED_INCLUDE_IN_FRAMEWORK_HEADER = YES;
				CLANG_WARN_RANGE_LOOP_ANALYSIS = YES;
				CLANG_WARN_STRICT_PROTOTYPES = YES;
				CLANG_WARN_SUSPICIOUS_MOVE = YES;
				CLANG_WARN_UNGUARDED_AVAILABILITY = YES_AGGRESSIVE;
				CLANG_WARN_UNREACHABLE_CODE = YES;
				CLANG_WARN__DUPLICATE_METHOD_MATCH = YES;
				COPY_PHASE_STRIP = NO;
				DEBUG_INFORMATION_FORMAT = "dwarf-with-dsym";
				ENABLE_NS_ASSERTIONS = NO;
				ENABLE_STRICT_OBJC_MSGSEND = YES;
				GCC_C_LANGUAGE_STANDARD = gnu11;
				GCC_NO_COMMON_BLOCKS = YES;
				GCC_WARN_64_TO_32_BIT_CONVERSION = YES;
				GCC_WARN_ABOUT_RETURN_TYPE = YES_ERROR;
				GCC_WARN_UNDECLARED_SELECTOR = YES;
				GCC_WARN_UNINITIALIZED_AUTOS = YES_AGGRESSIVE;
				GCC_WARN_UNUSED_FUNCTION = YES;
				GCC_WARN_UNUSED_VARIABLE = YES;
				IPHONEOS_DEPLOYMENT_TARGET = 16.4;
				MTL_ENABLE_DEBUG_INFO = NO;
				MTL_FAST_MATH = YES;
				SDKROOT = iphoneos;
				SWIFT_COMPILATION_MODE = wholemodule;
				SWIFT_OPTIMIZATION_LEVEL = "-O";
				VALIDATE_PRODUCT = YES;
			};
			name = Release;
		};
		9CD8E9092A9A859700FCA1E5 /* Debug */ = {
			isa = XCBuildConfiguration;
			buildSettings = {
				ASSETCATALOG_COMPILER_APPICON_NAME = AppIcon;
				ASSETCATALOG_COMPILER_GLOBAL_ACCENT_COLOR_NAME = AccentColor;
				CODE_SIGN_STYLE = Automatic;
				CURRENT_PROJECT_VERSION = 1;
				DEVELOPMENT_TEAM = 9TCWXH8WU4;
				GENERATE_INFOPLIST_FILE = YES;
				INFOPLIST_KEY_UIApplicationSupportsIndirectInputEvents = YES;
				INFOPLIST_KEY_UILaunchStoryboardName = LaunchScreen;
				INFOPLIST_KEY_UIMainStoryboardFile = Main;
				INFOPLIST_KEY_UIStatusBarHidden = YES;
				INFOPLIST_KEY_UISupportedInterfaceOrientations = "UIInterfaceOrientationLandscapeLeft UIInterfaceOrientationLandscapeRight";
				LD_RUNPATH_SEARCH_PATHS = (
					"$(inherited)",
					"@executable_path/Frameworks",
				);
				MARKETING_VERSION = 1.0;
				PRODUCT_BUNDLE_IDENTIFIER = com.reck.AngryBirdClone;
				PRODUCT_NAME = "$(TARGET_NAME)";
				SWIFT_EMIT_LOC_STRINGS = YES;
				SWIFT_VERSION = 5.0;
				TARGETED_DEVICE_FAMILY = "1,2";
			};
			name = Debug;
		};
		9CD8E90A2A9A859700FCA1E5 /* Release */ = {
			isa = XCBuildConfiguration;
			buildSettings = {
				ASSETCATALOG_COMPILER_APPICON_NAME = AppIcon;
				ASSETCATALOG_COMPILER_GLOBAL_ACCENT_COLOR_NAME = AccentColor;
				CODE_SIGN_STYLE = Automatic;
				CURRENT_PROJECT_VERSION = 1;
				DEVELOPMENT_TEAM = 9TCWXH8WU4;
				GENERATE_INFOPLIST_FILE = YES;
				INFOPLIST_KEY_UIApplicationSupportsIndirectInputEvents = YES;
				INFOPLIST_KEY_UILaunchStoryboardName = LaunchScreen;
				INFOPLIST_KEY_UIMainStoryboardFile = Main;
				INFOPLIST_KEY_UIStatusBarHidden = YES;
				INFOPLIST_KEY_UISupportedInterfaceOrientations = "UIInterfaceOrientationLandscapeLeft UIInterfaceOrientationLandscapeRight";
				LD_RUNPATH_SEARCH_PATHS = (
					"$(inherited)",
					"@executable_path/Frameworks",
				);
				MARKETING_VERSION = 1.0;
				PRODUCT_BUNDLE_IDENTIFIER = com.reck.AngryBirdClone;
				PRODUCT_NAME = "$(TARGET_NAME)";
				SWIFT_EMIT_LOC_STRINGS = YES;
				SWIFT_VERSION = 5.0;
				TARGETED_DEVICE_FAMILY = "1,2";
			};
			name = Release;
		};
/* End XCBuildConfiguration section */

/* Begin XCConfigurationList section */
		9CD8E8EC2A9A859600FCA1E5 /* Build configuration list for PBXProject "AngryBirdClone" */ = {
			isa = XCConfigurationList;
			buildConfigurations = (
				9CD8E9062A9A859700FCA1E5 /* Debug */,
				9CD8E9072A9A859700FCA1E5 /* Release */,
			);
			defaultConfigurationIsVisible = 0;
			defaultConfigurationName = Release;
		};
		9CD8E9082A9A859700FCA1E5 /* Build configuration list for PBXNativeTarget "AngryBirdClone" */ = {
			isa = XCConfigurationList;
			buildConfigurations = (
				9CD8E9092A9A859700FCA1E5 /* Debug */,
				9CD8E90A2A9A859700FCA1E5 /* Release */,
			);
			defaultConfigurationIsVisible = 0;
			defaultConfigurationName = Release;
		};
/* End XCConfigurationList section */
	};
	rootObject = 9CD8E8E92A9A859600FCA1E5 /* Project object */;
}
